Microsoft Visual Studio Solution File, Format Version 12.00
# Visual Studio Version 17
VisualStudioVersion = 17.13.35919.96
MinimumVisualStudioVersion = 10.0.40219.1
Project("{FAE04EC0-301F-11D3-BF4B-00C04F79EFBC}") = "WinSCP", "WinSCP.csproj", "{4C41651F-81BC-43C7-AEE2-9B5A75670064}"
EndProject
Global
	GlobalSection(SolutionConfigurationPlatforms) = preSolution
		Debug|Any CPU = Debug|Any CPU
		Release|Any CPU = Release|Any CPU
	EndGlobalSection
	GlobalSection(ProjectConfigurationPlatforms) = postSolution
		{4C41651F-81BC-43C7-AEE2-9B5A75670064}.Debug|Any CPU.ActiveCfg = Debug|Any CPU
		{4C41651F-81BC-43C7-AEE2-9B5A75670064}.Debug|Any CPU.Build.0 = Debug|Any CPU
		{4C41651F-81BC-43C7-AEE2-9B5A75670064}.Release|Any CPU.ActiveCfg = Release|Any CPU
		{4C41651F-81BC-43C7-AEE2-9B5A75670064}.Release|Any CPU.Build.0 = Release|Any CPU
	EndGlobalSection
	GlobalSection(SolutionProperties) = preSolution
		HideSolutionNode = FALSE
	EndGlobalSection
	GlobalSection(ExtensibilityGlobals) = postSolution
		SolutionGuid = {9ACAC6BE-4979-4F74-96CD-316A3F4F9FF2}
	EndGlobalSection
EndGlobal
